
Microsoft Visual Studio Solution File, Format Version 12.00
Project("{FAE04EC0-301F-11D3-BF4B-00C04F79EFBC}") = "Cs50Speller", "Cs50Speller.csproj", "{75E96A80-274D-45B9-A2D1-8ECC25E6522B}"
EndProject
Project("{2150E333-8FDC-42A3-9474-1A3956D46DE8}") = "Solution Items", "Solution Items", "{FEDB255E-BCE6-4D70-A43A-26869533C85C}"
	ProjectSection(SolutionItems) = preProject
		compose.yaml = compose.yaml
	EndProjectSection
EndProject
Global
	GlobalSection(SolutionConfigurationPlatforms) = preSolution
		Debug|Any CPU = Debug|Any CPU
		Release|Any CPU = Release|Any CPU
	EndGlobalSection
	GlobalSection(ProjectConfigurationPlatforms) = postSolution
		{75E96A80-274D-45B9-A2D1-8ECC25E6522B}.Debug|Any CPU.ActiveCfg = Debug|Any CPU
		{75E96A80-274D-45B9-A2D1-8ECC25E6522B}.Debug|Any CPU.Build.0 = Debug|Any CPU
		{75E96A80-274D-45B9-A2D1-8ECC25E6522B}.Release|Any CPU.ActiveCfg = Release|Any CPU
		{75E96A80-274D-45B9-A2D1-8ECC25E6522B}.Release|Any CPU.Build.0 = Release|Any CPU
	EndGlobalSection
EndGlobal
